// !$*UTF8*$!
{
	archiveVersion = 1;
	classes = {
	};
	objectVersion = 56;
	objects = {

/* Begin PBXBuildFile section */
		CE12DE70297D21BE00FB6621 /* RegisterView.swift in Sources */ = {isa = PBXBuildFile; fileRef = CE12DE6F297D21BE00FB6621 /* RegisterView.swift */; };
		CE12DE72297D61EB00FB6621 /* GoogleService-Info.plist in Resources */ = {isa = PBXBuildFile; fileRef = CE12DE71297D61EA00FB6621 /* GoogleService-Info.plist */; };
		CE12DE75297D64E000FB6621 /* FirebaseAuth in Frameworks */ = {isa = PBXBuildFile; productRef = CE12DE74297D64E000FB6621 /* FirebaseAuth */; };
		CE12DE7A297D900200FB6621 /* FirebaseFirestore in Frameworks */ = {isa = PBXBuildFile; productRef = CE12DE79297D900200FB6621 /* FirebaseFirestore */; };
		CE12DE7C297D900A00FB6621 /* FirebaseFirestoreSwift in Frameworks */ = {isa = PBXBuildFile; productRef = CE12DE7B297D900A00FB6621 /* FirebaseFirestoreSwift */; };
		CE12DE7E297D944300FB6621 /* FirebaseStorage in Frameworks */ = {isa = PBXBuildFile; productRef = CE12DE7D297D944300FB6621 /* FirebaseStorage */; };
		CE12DE80297E719E00FB6621 /* FirebaseDatabase in Frameworks */ = {isa = PBXBuildFile; productRef = CE12DE7F297E719E00FB6621 /* FirebaseDatabase */; };
		CE12DE82297ECD8800FB6621 /* LoginModel.swift in Sources */ = {isa = PBXBuildFile; fileRef = CE12DE81297ECD8800FB6621 /* LoginModel.swift */; };
		CE3CFA782982B0C1009694FC /* LoadingAlertView.swift in Sources */ = {isa = PBXBuildFile; fileRef = CE3CFA772982B0C1009694FC /* LoadingAlertView.swift */; };
		CE8FEA9D297FFA710001DCFE /* KeyChainHelper.swift in Sources */ = {isa = PBXBuildFile; fileRef = CE8FEA9C297FFA710001DCFE /* KeyChainHelper.swift */; };
		CE8FEA9F298005050001DCFE /* KeyChainWrapper.swift in Sources */ = {isa = PBXBuildFile; fileRef = CE8FEA9E298005050001DCFE /* KeyChainWrapper.swift */; };
		CEAAE0132975B33A00CD2B0E /* RandomDatesApp.swift in Sources */ = {isa = PBXBuildFile; fileRef = CEAAE0122975B33A00CD2B0E /* RandomDatesApp.swift */; };
		CEAAE0152975B33A00CD2B0E /* LoginView.swift in Sources */ = {isa = PBXBuildFile; fileRef = CEAAE0142975B33A00CD2B0E /* LoginView.swift */; };
		CEAAE0172975B33C00CD2B0E /* Assets.xcassets in Resources */ = {isa = PBXBuildFile; fileRef = CEAAE0162975B33C00CD2B0E /* Assets.xcassets */; };
		CEAAE01A2975B33C00CD2B0E /* Preview Assets.xcassets in Resources */ = {isa = PBXBuildFile; fileRef = CEAAE0192975B33C00CD2B0E /* Preview Assets.xcassets */; };
		CEAAE02329767AA200CD2B0E /* UI+Extension.swift in Sources */ = {isa = PBXBuildFile; fileRef = CEAAE02229767AA200CD2B0E /* UI+Extension.swift */; };
		CEAAE02529767D6200CD2B0E /* MainView.swift in Sources */ = {isa = PBXBuildFile; fileRef = CEAAE02429767D6200CD2B0E /* MainView.swift */; };
		CEAAE02A2976E39C00CD2B0E /* ColorsApp.swift in Sources */ = {isa = PBXBuildFile; fileRef = CEAAE0292976E39C00CD2B0E /* ColorsApp.swift */; };
/* End PBXBuildFile section */

/* Begin PBXFileReference section */
		CE12DE6F297D21BE00FB6621 /* RegisterView.swift */ = {isa = PBXFileReference; lastKnownFileType = sourcecode.swift; path = RegisterView.swift; sourceTree = "<group>"; };
		CE12DE71297D61EA00FB6621 /* GoogleService-Info.plist */ = {isa = PBXFileReference; fileEncoding = 4; lastKnownFileType = text.plist.xml; path = "GoogleService-Info.plist"; sourceTree = "<group>"; };
		CE12DE81297ECD8800FB6621 /* LoginModel.swift */ = {isa = PBXFileReference; lastKnownFileType = sourcecode.swift; path = LoginModel.swift; sourceTree = "<group>"; };
		CE3CFA772982B0C1009694FC /* LoadingAlertView.swift */ = {isa = PBXFileReference; lastKnownFileType = sourcecode.swift; path = LoadingAlertView.swift; sourceTree = "<group>"; };
		CE8FEA9C297FFA710001DCFE /* KeyChainHelper.swift */ = {isa = PBXFileReference; lastKnownFileType = sourcecode.swift; path = KeyChainHelper.swift; sourceTree = "<group>"; };
		CE8FEA9E298005050001DCFE /* KeyChainWrapper.swift */ = {isa = PBXFileReference; lastKnownFileType = sourcecode.swift; path = KeyChainWrapper.swift; sourceTree = "<group>"; };
		CEAAE00F2975B33A00CD2B0E /* RandomDates.app */ = {isa = PBXFileReference; explicitFileType = wrapper.application; includeInIndex = 0; path = RandomDates.app; sourceTree = BUILT_PRODUCTS_DIR; };
		CEAAE0122975B33A00CD2B0E /* RandomDatesApp.swift */ = {isa = PBXFileReference; lastKnownFileType = sourcecode.swift; path = RandomDatesApp.swift; sourceTree = "<group>"; };
		CEAAE0142975B33A00CD2B0E /* LoginView.swift */ = {isa = PBXFileReference; lastKnownFileType = sourcecode.swift; path = LoginView.swift; sourceTree = "<group>"; };
		CEAAE0162975B33C00CD2B0E /* Assets.xcassets */ = {isa = PBXFileReference; lastKnownFileType = folder.assetcatalog; path = Assets.xcassets; sourceTree = "<group>"; };
		CEAAE0192975B33C00CD2B0E /* Preview Assets.xcassets */ = {isa = PBXFileReference; lastKnownFileType = folder.assetcatalog; path = "Preview Assets.xcassets"; sourceTree = "<group>"; };
		CEAAE02229767AA200CD2B0E /* UI+Extension.swift */ = {isa = PBXFileReference; lastKnownFileType = sourcecode.swift; path = "UI+Extension.swift"; sourceTree = "<group>"; };
		CEAAE02429767D6200CD2B0E /* MainView.swift */ = {isa = PBXFileReference; lastKnownFileType = sourcecode.swift; path = MainView.swift; sourceTree = "<group>"; };
		CEAAE0292976E39C00CD2B0E /* ColorsApp.swift */ = {isa = PBXFileReference; lastKnownFileType = sourcecode.swift; path = ColorsApp.swift; sourceTree = "<group>"; };
/* End PBXFileReference section */

/* Begin PBXFrameworksBuildPhase section */
		CEAAE00C2975B33A00CD2B0E /* Frameworks */ = {
			isa = PBXFrameworksBuildPhase;
			buildActionMask = 2147483647;
			files = (
				CE12DE80297E719E00FB6621 /* FirebaseDatabase in Frameworks */,
				CE12DE75297D64E000FB6621 /* FirebaseAuth in Frameworks */,
				CE12DE7E297D944300FB6621 /* FirebaseStorage in Frameworks */,
				CE12DE7A297D900200FB6621 /* FirebaseFirestore in Frameworks */,
				CE12DE7C297D900A00FB6621 /* FirebaseFirestoreSwift in Frameworks */,
			);
			runOnlyForDeploymentPostprocessing = 0;
		};
/* End PBXFrameworksBuildPhase section */

/* Begin PBXGroup section */
		CE12DE78297D900200FB6621 /* Frameworks */ = {
			isa = PBXGroup;
			children = (
			);
			name = Frameworks;
			sourceTree = "<group>";
		};
		CE8FEA9B297FFA130001DCFE /* Keychain */ = {
			isa = PBXGroup;
			children = (
				CE8FEA9C297FFA710001DCFE /* KeyChainHelper.swift */,
				CE8FEA9E298005050001DCFE /* KeyChainWrapper.swift */,
			);
			path = Keychain;
			sourceTree = "<group>";
		};
		CE8FEAA029805AE40001DCFE /* Service */ = {
			isa = PBXGroup;
			children = (
				CE8FEA9B297FFA130001DCFE /* Keychain */,
			);
			path = Service;
			sourceTree = "<group>";
		};
		CEAAE0062975B33A00CD2B0E = {
			isa = PBXGroup;
			children = (
				CEAAE0112975B33A00CD2B0E /* RandomDates */,
				CEAAE0102975B33A00CD2B0E /* Products */,
				CE12DE78297D900200FB6621 /* Frameworks */,
			);
			sourceTree = "<group>";
		};
		CEAAE0102975B33A00CD2B0E /* Products */ = {
			isa = PBXGroup;
			children = (
				CEAAE00F2975B33A00CD2B0E /* RandomDates.app */,
			);
			name = Products;
			sourceTree = "<group>";
		};
		CEAAE0112975B33A00CD2B0E /* RandomDates */ = {
			isa = PBXGroup;
			children = (
				CEAAE0122975B33A00CD2B0E /* RandomDatesApp.swift */,
				CEAAE0282976E35000CD2B0E /* Models */,
				CEAAE0202976793000CD2B0E /* Views */,
				CEAAE021297679E200CD2B0E /* Extensions */,
				CE8FEAA029805AE40001DCFE /* Service */,
				CEAAE0162975B33C00CD2B0E /* Assets.xcassets */,
				CE12DE71297D61EA00FB6621 /* GoogleService-Info.plist */,
				CEAAE0182975B33C00CD2B0E /* Preview Content */,
			);
			path = RandomDates;
			sourceTree = "<group>";
		};
		CEAAE0182975B33C00CD2B0E /* Preview Content */ = {
			isa = PBXGroup;
			children = (
				CEAAE0192975B33C00CD2B0E /* Preview Assets.xcassets */,
			);
			path = "Preview Content";
			sourceTree = "<group>";
		};
		CEAAE0202976793000CD2B0E /* Views */ = {
			isa = PBXGroup;
			children = (
				CEAAE0142975B33A00CD2B0E /* LoginView.swift */,
				CE12DE6F297D21BE00FB6621 /* RegisterView.swift */,
				CEAAE02429767D6200CD2B0E /* MainView.swift */,
				CE3CFA772982B0C1009694FC /* LoadingAlertView.swift */,
			);
			path = Views;
			sourceTree = "<group>";
		};
		CEAAE021297679E200CD2B0E /* Extensions */ = {
			isa = PBXGroup;
			children = (
				CEAAE02229767AA200CD2B0E /* UI+Extension.swift */,
			);
			path = Extensions;
			sourceTree = "<group>";
		};
		CEAAE0282976E35000CD2B0E /* Models */ = {
			isa = PBXGroup;
			children = (
				CE12DE81297ECD8800FB6621 /* LoginModel.swift */,
				CEAAE0292976E39C00CD2B0E /* ColorsApp.swift */,
			);
			path = Models;
			sourceTree = "<group>";
		};
/* End PBXGroup section */

/* Begin PBXNativeTarget section */
		CEAAE00E2975B33A00CD2B0E /* RandomDates */ = {
			isa = PBXNativeTarget;
			buildConfigurationList = CEAAE01D2975B33C00CD2B0E /* Build configuration list for PBXNativeTarget "RandomDates" */;
			buildPhases = (
				CEAAE00B2975B33A00CD2B0E /* Sources */,
				CEAAE00C2975B33A00CD2B0E /* Frameworks */,
				CEAAE00D2975B33A00CD2B0E /* Resources */,
			);
			buildRules = (
			);
			dependencies = (
			);
			name = RandomDates;
			packageProductDependencies = (
				CE12DE74297D64E000FB6621 /* FirebaseAuth */,
				CE12DE79297D900200FB6621 /* FirebaseFirestore */,
				CE12DE7B297D900A00FB6621 /* FirebaseFirestoreSwift */,
				CE12DE7D297D944300FB6621 /* FirebaseStorage */,
				CE12DE7F297E719E00FB6621 /* FirebaseDatabase */,
			);
			productName = RandomDates;
			productReference = CEAAE00F2975B33A00CD2B0E /* RandomDates.app */;
			productType = "com.apple.product-type.application";
		};
/* End PBXNativeTarget section */

/* Begin PBXProject section */
		CEAAE0072975B33A00CD2B0E /* Project object */ = {
			isa = PBXProject;
			attributes = {
				BuildIndependentTargetsInParallel = 1;
				LastSwiftUpdateCheck = 1420;
				LastUpgradeCheck = 1420;
				TargetAttributes = {
					CEAAE00E2975B33A00CD2B0E = {
						CreatedOnToolsVersion = 14.2;
					};
				};
			};
			buildConfigurationList = CEAAE00A2975B33A00CD2B0E /* Build configuration list for PBXProject "RandomDates" */;
			compatibilityVersion = "Xcode 14.0";
			developmentRegion = en;
			hasScannedForEncodings = 0;
			knownRegions = (
				en,
				Base,
			);
			mainGroup = CEAAE0062975B33A00CD2B0E;
			packageReferences = (
				CE12DE73297D64E000FB6621 /* XCRemoteSwiftPackageReference "firebase-ios-sdk" */,
			);
			productRefGroup = CEAAE0102975B33A00CD2B0E /* Products */;
			projectDirPath = "";
			projectRoot = "";
			targets = (
				CEAAE00E2975B33A00CD2B0E /* RandomDates */,
			);
		};
/* End PBXProject section */

/* Begin PBXResourcesBuildPhase section */
		CEAAE00D2975B33A00CD2B0E /* Resources */ = {
			isa = PBXResourcesBuildPhase;
			buildActionMask = 2147483647;
			files = (
				CEAAE01A2975B33C00CD2B0E /* Preview Assets.xcassets in Resources */,
				CEAAE0172975B33C00CD2B0E /* Assets.xcassets in Resources */,
				CE12DE72297D61EB00FB6621 /* GoogleService-Info.plist in Resources */,
			);
			runOnlyForDeploymentPostprocessing = 0;
		};
/* End PBXResourcesBuildPhase section */

/* Begin PBXSourcesBuildPhase section */
		CEAAE00B2975B33A00CD2B0E /* Sources */ = {
			isa = PBXSourcesBuildPhase;
			buildActionMask = 2147483647;
			files = (
				CE8FEA9F298005050001DCFE /* KeyChainWrapper.swift in Sources */,
				CEAAE02329767AA200CD2B0E /* UI+Extension.swift in Sources */,
				CE12DE82297ECD8800FB6621 /* LoginModel.swift in Sources */,
				CEAAE02A2976E39C00CD2B0E /* ColorsApp.swift in Sources */,
				CE3CFA782982B0C1009694FC /* LoadingAlertView.swift in Sources */,
				CEAAE02529767D6200CD2B0E /* MainView.swift in Sources */,
				CE12DE70297D21BE00FB6621 /* RegisterView.swift in Sources */,
				CE8FEA9D297FFA710001DCFE /* KeyChainHelper.swift in Sources */,
				CEAAE0152975B33A00CD2B0E /* LoginView.swift in Sources */,
				CEAAE0132975B33A00CD2B0E /* RandomDatesApp.swift in Sources */,
			);
			runOnlyForDeploymentPostprocessing = 0;
		};
/* End PBXSourcesBuildPhase section */

/* Begin XCBuildConfiguration section */
		CEAAE01B2975B33C00CD2B0E /* Debug */ = {
			isa = XCBuildConfiguration;
			buildSettings = {
				ALWAYS_SEARCH_USER_PATHS = NO;
				CLANG_ANALYZER_NONNULL = YES;
				CLANG_ANALYZER_NUMBER_OBJECT_CONVERSION = YES_AGGRESSIVE;
				CLANG_CXX_LANGUAGE_STANDARD = "gnu++20";
				CLANG_ENABLE_MODULES = YES;
				CLANG_ENABLE_OBJC_ARC = YES;
				CLANG_ENABLE_OBJC_WEAK = YES;
				CLANG_WARN_BLOCK_CAPTURE_AUTORELEASING = YES;
				CLANG_WARN_BOOL_CONVERSION = YES;
				CLANG_WARN_COMMA = YES;
				CLANG_WARN_CONSTANT_CONVERSION = YES;
				CLANG_WARN_DEPRECATED_OBJC_IMPLEMENTATIONS = YES;
				CLANG_WARN_DIRECT_OBJC_ISA_USAGE = YES_ERROR;
				CLANG_WARN_DOCUMENTATION_COMMENTS = YES;
				CLANG_WARN_EMPTY_BODY = YES;
				CLANG_WARN_ENUM_CONVERSION = YES;
				CLANG_WARN_INFINITE_RECURSION = YES;
				CLANG_WARN_INT_CONVERSION = YES;
				CLANG_WARN_NON_LITERAL_NULL_CONVERSION = YES;
				CLANG_WARN_OBJC_IMPLICIT_RETAIN_SELF = YES;
				CLANG_WARN_OBJC_LITERAL_CONVERSION = YES;
				CLANG_WARN_OBJC_ROOT_CLASS = YES_ERROR;
				CLANG_WARN_QUOTED_INCLUDE_IN_FRAMEWORK_HEADER = YES;
				CLANG_WARN_RANGE_LOOP_ANALYSIS = YES;
				CLANG_WARN_STRICT_PROTOTYPES = YES;
				CLANG_WARN_SUSPICIOUS_MOVE = YES;
				CLANG_WARN_UNGUARDED_AVAILABILITY = YES_AGGRESSIVE;
				CLANG_WARN_UNREACHABLE_CODE = YES;
				CLANG_WARN__DUPLICATE_METHOD_MATCH = YES;
				COPY_PHASE_STRIP = NO;
				DEBUG_INFORMATION_FORMAT = dwarf;
				ENABLE_STRICT_OBJC_MSGSEND = YES;
				ENABLE_TESTABILITY = YES;
				GCC_C_LANGUAGE_STANDARD = gnu11;
				GCC_DYNAMIC_NO_PIC = NO;
				GCC_NO_COMMON_BLOCKS = YES;
				GCC_OPTIMIZATION_LEVEL = 0;
				GCC_PREPROCESSOR_DEFINITIONS = (
					"DEBUG=1",
					"$(inherited)",
				);
				GCC_WARN_64_TO_32_BIT_CONVERSION = YES;
				GCC_WARN_ABOUT_RETURN_TYPE = YES_ERROR;
				GCC_WARN_UNDECLARED_SELECTOR = YES;
				GCC_WARN_UNINITIALIZED_AUTOS = YES_AGGRESSIVE;
				GCC_WARN_UNUSED_FUNCTION = YES;
				GCC_WARN_UNUSED_VARIABLE = YES;
				IPHONEOS_DEPLOYMENT_TARGET = 16.2;
				MTL_ENABLE_DEBUG_INFO = INCLUDE_SOURCE;
				MTL_FAST_MATH = YES;
				ONLY_ACTIVE_ARCH = YES;
				SDKROOT = iphoneos;
				SWIFT_ACTIVE_COMPILATION_CONDITIONS = DEBUG;
				SWIFT_OPTIMIZATION_LEVEL = "-Onone";
			};
			name = Debug;
		};
		CEAAE01C2975B33C00CD2B0E /* Release */ = {
			isa = XCBuildConfiguration;
			buildSettings = {
				ALWAYS_SEARCH_USER_PATHS = NO;
				CLANG_ANALYZER_NONNULL = YES;
				CLANG_ANALYZER_NUMBER_OBJECT_CONVERSION = YES_AGGRESSIVE;
				CLANG_CXX_LANGUAGE_STANDARD = "gnu++20";
				CLANG_ENABLE_MODULES = YES;
				CLANG_ENABLE_OBJC_ARC = YES;
				CLANG_ENABLE_OBJC_WEAK = YES;
				CLANG_WARN_BLOCK_CAPTURE_AUTORELEASING = YES;
				CLANG_WARN_BOOL_CONVERSION = YES;
				CLANG_WARN_COMMA = YES;
				CLANG_WARN_CONSTANT_CONVERSION = YES;
				CLANG_WARN_DEPRECATED_OBJC_IMPLEMENTATIONS = YES;
				CLANG_WARN_DIRECT_OBJC_ISA_USAGE = YES_ERROR;
				CLANG_WARN_DOCUMENTATION_COMMENTS = YES;
				CLANG_WARN_EMPTY_BODY = YES;
				CLANG_WARN_ENUM_CONVERSION = YES;
				CLANG_WARN_INFINITE_RECURSION = YES;
				CLANG_WARN_INT_CONVERSION = YES;
				CLANG_WARN_NON_LITERAL_NULL_CONVERSION = YES;
				CLANG_WARN_OBJC_IMPLICIT_RETAIN_SELF = YES;
				CLANG_WARN_OBJC_LITERAL_CONVERSION = YES;
				CLANG_WARN_OBJC_ROOT_CLASS = YES_ERROR;
				CLANG_WARN_QUOTED_INCLUDE_IN_FRAMEWORK_HEADER = YES;
				CLANG_WARN_RANGE_LOOP_ANALYSIS = YES;
				CLANG_WARN_STRICT_PROTOTYPES = YES;
				CLANG_WARN_SUSPICIOUS_MOVE = YES;
				CLANG_WARN_UNGUARDED_AVAILABILITY = YES_AGGRESSIVE;
				CLANG_WARN_UNREACHABLE_CODE = YES;
				CLANG_WARN__DUPLICATE_METHOD_MATCH = YES;
				COPY_PHASE_STRIP = NO;
				DEBUG_INFORMATION_FORMAT = "dwarf-with-dsym";
				ENABLE_NS_ASSERTIONS = NO;
				ENABLE_STRICT_OBJC_MSGSEND = YES;
				GCC_C_LANGUAGE_STANDARD = gnu11;
				GCC_NO_COMMON_BLOCKS = YES;
				GCC_WARN_64_TO_32_BIT_CONVERSION = YES;
				GCC_WARN_ABOUT_RETURN_TYPE = YES_ERROR;
				GCC_WARN_UNDECLARED_SELECTOR = YES;
				GCC_WARN_UNINITIALIZED_AUTOS = YES_AGGRESSIVE;
				GCC_WARN_UNUSED_FUNCTION = YES;
				GCC_WARN_UNUSED_VARIABLE = YES;
				IPHONEOS_DEPLOYMENT_TARGET = 16.2;
				MTL_ENABLE_DEBUG_INFO = NO;
				MTL_FAST_MATH = YES;
				SDKROOT = iphoneos;
				SWIFT_COMPILATION_MODE = wholemodule;
				SWIFT_OPTIMIZATION_LEVEL = "-O";
				VALIDATE_PRODUCT = YES;
			};
			name = Release;
		};
		CEAAE01E2975B33C00CD2B0E /* Debug */ = {
			isa = XCBuildConfiguration;
			buildSettings = {
				ASSETCATALOG_COMPILER_APPICON_NAME = AppIcon;
				ASSETCATALOG_COMPILER_GLOBAL_ACCENT_COLOR_NAME = AccentColor;
				CODE_SIGN_STYLE = Automatic;
				CURRENT_PROJECT_VERSION = 1;
				DEVELOPMENT_ASSET_PATHS = "\"RandomDates/Preview Content\"";
				DEVELOPMENT_TEAM = 8C2J2DRGH6;
				ENABLE_PREVIEWS = YES;
				GENERATE_INFOPLIST_FILE = YES;
				INFOPLIST_KEY_UIApplicationSceneManifest_Generation = YES;
				INFOPLIST_KEY_UIApplicationSupportsIndirectInputEvents = YES;
				INFOPLIST_KEY_UILaunchScreen_Generation = YES;
				INFOPLIST_KEY_UISupportedInterfaceOrientations_iPad = "UIInterfaceOrientationPortrait UIInterfaceOrientationPortraitUpsideDown UIInterfaceOrientationLandscapeLeft UIInterfaceOrientationLandscapeRight";
				INFOPLIST_KEY_UISupportedInterfaceOrientations_iPhone = "UIInterfaceOrientationPortrait UIInterfaceOrientationLandscapeLeft UIInterfaceOrientationLandscapeRight";
				LD_RUNPATH_SEARCH_PATHS = (
					"$(inherited)",
					"@executable_path/Frameworks",
				);
				MARKETING_VERSION = 1.0;
				PRODUCT_BUNDLE_IDENTIFIER = "Andrey-Piskunov.RandomDates";
				PRODUCT_NAME = "$(TARGET_NAME)";
				SWIFT_EMIT_LOC_STRINGS = YES;
				SWIFT_VERSION = 5.0;
				TARGETED_DEVICE_FAMILY = "1,2";
			};
			name = Debug;
		};
		CEAAE01F2975B33C00CD2B0E /* Release */ = {
			isa = XCBuildConfiguration;
			buildSettings = {
				ASSETCATALOG_COMPILER_APPICON_NAME = AppIcon;
				ASSETCATALOG_COMPILER_GLOBAL_ACCENT_COLOR_NAME = AccentColor;
				CODE_SIGN_STYLE = Automatic;
				CURRENT_PROJECT_VERSION = 1;
				DEVELOPMENT_ASSET_PATHS = "\"RandomDates/Preview Content\"";
				DEVELOPMENT_TEAM = 8C2J2DRGH6;
				ENABLE_PREVIEWS = YES;
				GENERATE_INFOPLIST_FILE = YES;
				INFOPLIST_KEY_UIApplicationSceneManifest_Generation = YES;
				INFOPLIST_KEY_UIApplicationSupportsIndirectInputEvents = YES;
				INFOPLIST_KEY_UILaunchScreen_Generation = YES;
				INFOPLIST_KEY_UISupportedInterfaceOrientations_iPad = "UIInterfaceOrientationPortrait UIInterfaceOrientationPortraitUpsideDown UIInterfaceOrientationLandscapeLeft UIInterfaceOrientationLandscapeRight";
				INFOPLIST_KEY_UISupportedInterfaceOrientations_iPhone = "UIInterfaceOrientationPortrait UIInterfaceOrientationLandscapeLeft UIInterfaceOrientationLandscapeRight";
				LD_RUNPATH_SEARCH_PATHS = (
					"$(inherited)",
					"@executable_path/Frameworks",
				);
				MARKETING_VERSION = 1.0;
				PRODUCT_BUNDLE_IDENTIFIER = "Andrey-Piskunov.RandomDates";
				PRODUCT_NAME = "$(TARGET_NAME)";
				SWIFT_EMIT_LOC_STRINGS = YES;
				SWIFT_VERSION = 5.0;
				TARGETED_DEVICE_FAMILY = "1,2";
			};
			name = Release;
		};
/* End XCBuildConfiguration section */

/* Begin XCConfigurationList section */
		CEAAE00A2975B33A00CD2B0E /* Build configuration list for PBXProject "RandomDates" */ = {
			isa = XCConfigurationList;
			buildConfigurations = (
				CEAAE01B2975B33C00CD2B0E /* Debug */,
				CEAAE01C2975B33C00CD2B0E /* Release */,
			);
			defaultConfigurationIsVisible = 0;
			defaultConfigurationName = Release;
		};
		CEAAE01D2975B33C00CD2B0E /* Build configuration list for PBXNativeTarget "RandomDates" */ = {
			isa = XCConfigurationList;
			buildConfigurations = (
				CEAAE01E2975B33C00CD2B0E /* Debug */,
				CEAAE01F2975B33C00CD2B0E /* Release */,
			);
			defaultConfigurationIsVisible = 0;
			defaultConfigurationName = Release;
		};
/* End XCConfigurationList section */

/* Begin XCRemoteSwiftPackageReference section */
		CE12DE73297D64E000FB6621 /* XCRemoteSwiftPackageReference "firebase-ios-sdk" */ = {
			isa = XCRemoteSwiftPackageReference;
			repositoryURL = "https://github.com/firebase/firebase-ios-sdk";
			requirement = {
				kind = upToNextMajorVersion;
				minimumVersion = 9.0.0;
			};
		};
/* End XCRemoteSwiftPackageReference section */

/* Begin XCSwiftPackageProductDependency section */
		CE12DE74297D64E000FB6621 /* FirebaseAuth */ = {
			isa = XCSwiftPackageProductDependency;
			package = CE12DE73297D64E000FB6621 /* XCRemoteSwiftPackageReference "firebase-ios-sdk" */;
			productName = FirebaseAuth;
		};
		CE12DE79297D900200FB6621 /* FirebaseFirestore */ = {
			isa = XCSwiftPackageProductDependency;
			package = CE12DE73297D64E000FB6621 /* XCRemoteSwiftPackageReference "firebase-ios-sdk" */;
			productName = FirebaseFirestore;
		};
		CE12DE7B297D900A00FB6621 /* FirebaseFirestoreSwift */ = {
			isa = XCSwiftPackageProductDependency;
			package = CE12DE73297D64E000FB6621 /* XCRemoteSwiftPackageReference "firebase-ios-sdk" */;
			productName = FirebaseFirestoreSwift;
		};
		CE12DE7D297D944300FB6621 /* FirebaseStorage */ = {
			isa = XCSwiftPackageProductDependency;
			package = CE12DE73297D64E000FB6621 /* XCRemoteSwiftPackageReference "firebase-ios-sdk" */;
			productName = FirebaseStorage;
		};
		CE12DE7F297E719E00FB6621 /* FirebaseDatabase */ = {
			isa = XCSwiftPackageProductDependency;
			package = CE12DE73297D64E000FB6621 /* XCRemoteSwiftPackageReference "firebase-ios-sdk" */;
			productName = FirebaseDatabase;
		};
/* End XCSwiftPackageProductDependency section */
	};
	rootObject = CEAAE0072975B33A00CD2B0E /* Project object */;
}
